Microsoft Visual Studio Solution File, Format Version 12.00
# Visual Studio Version 17
VisualStudioVersion = 17.5.2.0
MinimumVisualStudioVersion = 10.0.40219.1
Project("{2150E333-8FDC-42A3-9474-1A3956D46DE8}") = "ZombieDefense", "ZombieDefense", "{0C6E885E-D7C9-951A-651E-444D51405921}"
EndProject
Project("{FAE04EC0-301F-11D3-BF4B-00C04F79EFBC}") = "ZombieDefense.Api", "ZombieDefense\ZombieDefense.Api\ZombieDefense.Api.csproj", "{33171871-B2D9-9033-1884-95C401CC66B3}"
EndProject
Global
	GlobalSection(SolutionConfigurationPlatforms) = preSolution
		Debug|Any CPU = Debug|Any CPU
		Release|Any CPU = Release|Any CPU
	EndGlobalSection
	GlobalSection(ProjectConfigurationPlatforms) = postSolution
		{33171871-B2D9-9033-1884-95C401CC66B3}.Debug|Any CPU.ActiveCfg = Debug|Any CPU
		{33171871-B2D9-9033-1884-95C401CC66B3}.Debug|Any CPU.Build.0 = Debug|Any CPU
		{33171871-B2D9-9033-1884-95C401CC66B3}.Release|Any CPU.ActiveCfg = Release|Any CPU
		{33171871-B2D9-9033-1884-95C401CC66B3}.Release|Any CPU.Build.0 = Release|Any CPU
	EndGlobalSection
	GlobalSection(SolutionProperties) = preSolution
		HideSolutionNode = FALSE
	EndGlobalSection
	GlobalSection(NestedProjects) = preSolution
		{33171871-B2D9-9033-1884-95C401CC66B3} = {0C6E885E-D7C9-951A-651E-444D51405921}
	EndGlobalSection
	GlobalSection(ExtensibilityGlobals) = postSolution
		SolutionGuid = {D29A2B77-BDD0-4417-B67C-5233BC47D335}
	EndGlobalSection
EndGlobal
